
Microsoft Visual Studio Solution File, Format Version 12.00
# Visual Studio 16
Project("{FAE04EC0-301F-11D3-BF4B-00C04F79EFBC}") = "Assembly-CSharp", "Assembly-CSharp.csproj", "{3BBC1899-7041-52BD-338E-979FBC5A629F}"
EndProject
Project("{FAE04EC0-301F-11D3-BF4B-00C04F79EFBC}") = "Unity.2D.Tilemap.Extras", "Unity.2D.Tilemap.Extras.csproj", "{DA4492DA-0FF2-7D0B-7A9C-A52C7DA0364C}"
EndProject
Project("{FAE04EC0-301F-11D3-BF4B-00C04F79EFBC}") = "Unity.2D.Tilemap.Extras.Editor", "Unity.2D.Tilemap.Extras.Editor.csproj", "{21781950-8BA8-B776-C9BF-67251C0ECC81}"
EndProject
Global
	GlobalSection(SolutionConfigurationPlatforms) = preSolution
		Debug|Any CPU = Debug|Any CPU
		Release|Any CPU = Release|Any CPU
	EndGlobalSection
	GlobalSection(ProjectConfigurationPlatforms) = postSolution
		{3BBC1899-7041-52BD-338E-979FBC5A629F}.Debug|Any CPU.ActiveCfg = Debug|Any CPU
		{3BBC1899-7041-52BD-338E-979FBC5A629F}.Debug|Any CPU.Build.0 = Debug|Any CPU
		{3BBC1899-7041-52BD-338E-979FBC5A629F}.Release|Any CPU.ActiveCfg = Release|Any CPU
		{3BBC1899-7041-52BD-338E-979FBC5A629F}.Release|Any CPU.Build.0 = Release|Any CPU
		{DA4492DA-0FF2-7D0B-7A9C-A52C7DA0364C}.Debug|Any CPU.ActiveCfg = Debug|Any CPU
		{DA4492DA-0FF2-7D0B-7A9C-A52C7DA0364C}.Debug|Any CPU.Build.0 = Debug|Any CPU
		{DA4492DA-0FF2-7D0B-7A9C-A52C7DA0364C}.Release|Any CPU.ActiveCfg = Release|Any CPU
		{DA4492DA-0FF2-7D0B-7A9C-A52C7DA0364C}.Release|Any CPU.Build.0 = Release|Any CPU
		{21781950-8BA8-B776-C9BF-67251C0ECC81}.Debug|Any CPU.ActiveCfg = Debug|Any CPU
		{21781950-8BA8-B776-C9BF-67251C0ECC81}.Debug|Any CPU.Build.0 = Debug|Any CPU
		{21781950-8BA8-B776-C9BF-67251C0ECC81}.Release|Any CPU.ActiveCfg = Release|Any CPU
		{21781950-8BA8-B776-C9BF-67251C0ECC81}.Release|Any CPU.Build.0 = Release|Any CPU
	EndGlobalSection
	GlobalSection(SolutionProperties) = preSolution
		HideSolutionNode = FALSE
	EndGlobalSection
EndGlobal
